<?xml version="1.0" encoding="utf-8"?>
<Project ToolsVersion="4.0" xmlns="http://schemas.microsoft.com/developer/msbuild/2003">
  <ItemGroup>
    <Filter Include="Source Files">
      <UniqueIdentifier>{4FC737F1-C7A5-4376-A066-2A32D752A2FF}</UniqueIdentifier>
      <Extensions>cpp;c;cc;cxx;c++;cppm;ixx;def;odl;idl;hpj;bat;asm;asmx</Extensions>
    </Filter>
    <Filter Include="Header Files">
      <UniqueIdentifier>{93995380-89BD-4b04-88EB-625FBE52EBFB}</UniqueIdentifier>
      <Extensions>h;hh;hpp;hxx;h++;hm;inl;inc;ipp;xsd</Extensions>
    </Filter>
    <Filter Include="Resource Files">
      <UniqueIdentifier>{67DA6AB6-F800-4c08-8B7A-83BB121AAD01}</UniqueIdentifier>
      <Extensions>rc;ico;cur;bmp;dlg;rc2;rct;bin;rgs;gif;jpg;jpeg;jpe;resx;tiff;tif;png;wav;mfcribbon-ms</Extensions>
    </Filter>
    <Filter Include="Exceptions">
    </Filter>
  </ItemGroup>
  <ItemGroup>
    <ClInclude Include="Handlers\IRequestHandler.h">
      <Filter>Header Files</Filter>
    </ClInclude>
    <ClInclude Include="Handlers\LoginRequestHandler.h">
      <Filter>Header Files</Filter>
    </ClInclude>
    <ClInclude Include="Infrastructure\Communicator.h">
      <Filter>Header Files</Filter>
    </ClInclude>
    <ClInclude Include="Infrastructure\IDatabase.h">
      <Filter>Header Files</Filter>
    </ClInclude>
    <ClInclude Include="Infrastructure\RequestHandlerFactory.h">
      <Filter>Header Files</Filter>
    </ClInclude>
    <ClInclude Include="Infrastructure\Server.h">
      <Filter>Header Files</Filter>
    </ClInclude>
    <ClInclude Include="Managers\LoginManager.h">
      <Filter>Header Files</Filter>
    </ClInclude>
    <ClInclude Include="Managers\LoggedUser.h">
      <Filter>Header Files</Filter>
    </ClInclude>
    <ClInclude Include="Infrastructure\WSAInitializer.h">
      <Filter>Header Files</Filter>
    </ClInclude>
    <ClInclude Include="Responses\JsonResponseSerializer.h">
      <Filter>Header Files</Filter>
    </ClInclude>
    <ClInclude Include="Infrastructure\SqliteDatabase.h">
      <Filter>Header Files</Filter>
    </ClInclude>
    <ClInclude Include="Handlers\MenuRequestHandler.h">
      <Filter>Header Files</Filter>
    </ClInclude>
    <ClInclude Include="Other\Helper.h">
      <Filter>Header Files</Filter>
    </ClInclude>
    <ClInclude Include="Managers\Room.h">
      <Filter>Header Files</Filter>
    </ClInclude>
    <ClInclude Include="Managers\RoomManager.h">
      <Filter>Header Files</Filter>
    </ClInclude>
    <ClInclude Include="Requests\JsonRequestDeserializer.h">
      <Filter>Header Files</Filter>
    </ClInclude>
    <ClInclude Include="Other\ServerDefinitions.h">
      <Filter>Header Files</Filter>
    </ClInclude>
    <ClInclude Include="Other\sqlite3.h">
      <Filter>Resource Files</Filter>
    </ClInclude>
    <ClInclude Include="Other\json.hpp">
      <Filter>Resource Files</Filter>
    </ClInclude>
  </ItemGroup>
  <ItemGroup>
    <ClCompile Include="Infrastructure\Communicator.cpp">
      <Filter>Source Files</Filter>
    </ClCompile>
    <ClCompile Include="Infrastructure\WSAInitializer.cpp">
      <Filter>Source Files</Filter>
    </ClCompile>
    <ClCompile Include="Infrastructure\Server.cpp">
      <Filter>Source Files</Filter>
    </ClCompile>
    <ClCompile Include="Source.cpp">
      <Filter>Source Files</Filter>
    </ClCompile>
    <ClCompile Include="Responses\JsonResponseSerializer.cpp">
      <Filter>Source Files</Filter>
    </ClCompile>
    <ClCompile Include="Handlers\LoginRequestHandler.cpp">
      <Filter>Source Files</Filter>
    </ClCompile>
    <ClCompile Include="Requests\JsonRequestDeserializer.cpp">
      <Filter>Source Files</Filter>
    </ClCompile>
    <ClCompile Include="Infrastructure\SqliteDatabase.cpp">
      <Filter>Source Files</Filter>
    </ClCompile>
    <ClCompile Include="Managers\LoggedUser.cpp">
      <Filter>Source Files</Filter>
    </ClCompile>
    <ClCompile Include="Managers\LoginManager.cpp">
      <Filter>Source Files</Filter>
    </ClCompile>
    <ClCompile Include="Handlers\MenuRequestHandler.cpp">
      <Filter>Source Files</Filter>
    </ClCompile>
    <ClCompile Include="Infrastructure\RequestHandlerFactory.cpp">
      <Filter>Source Files</Filter>
    </ClCompile>
    <ClCompile Include="Other\Helper.cpp">
      <Filter>Source Files</Filter>
    </ClCompile>
    <ClCompile Include="Infrastructure\RequestHandlerFactory.cpp">
      <Filter>Source Files</Filter>
    </ClCompile>
    <ClCompile Include="Managers\Room.cpp">
      <Filter>Source Files</Filter>
    </ClCompile>
    <ClCompile Include="Managers\RoomManager.cpp">
      <Filter>Source Files</Filter>
    </ClCompile>
  </ItemGroup>
  <ItemGroup>
    <ClInclude Include="Other\IServerException.h">
      <Filter>Exceptions</Filter>
    </ClInclude>
    <ClInclude Include="Other\InvalidProtocolStructure.h">
      <Filter>Exceptions</Filter>
    </ClInclude>
    <ClInclude Include="Other\UnexpectedClientExit.h">
      <Filter>Exceptions</Filter>
    </ClInclude>
    <ClCompile Include="Other\InvalidProtocolStructure.cpp">
      <Filter>Exceptions</Filter>
    </ClCompile>
    <ClCompile Include="Other\UnexpectedClientExit.cpp">
      <Filter>Exceptions</Filter>
    </ClCompile>
  </ItemGroup>
</Project>